
Microsoft Visual Studio Solution File, Format Version 12.00
# Visual Studio Version 17
VisualStudioVersion = 17.3.32825.248
MinimumVisualStudioVersion = 10.0.40219.1
Project("{FAE04EC0-301F-11D3-BF4B-00C04F79EFBC}") = "Program1", "Program1\Program1.csproj", "{DF35124A-A876-4977-9782-85716AC3900F}"
EndProject
Global
	GlobalSection(SolutionConfigurationPlatforms) = preSolution
		Debug|Any CPU = Debug|Any CPU
		Release|Any CPU = Release|Any CPU
	EndGlobalSection
	GlobalSection(ProjectConfigurationPlatforms) = postSolution
		{DF35124A-A876-4977-9782-85716AC3900F}.Debug|Any CPU.ActiveCfg = Debug|Any CPU
		{DF35124A-A876-4977-9782-85716AC3900F}.Debug|Any CPU.Build.0 = Debug|Any CPU
		{DF35124A-A876-4977-9782-85716AC3900F}.Release|Any CPU.ActiveCfg = Release|Any CPU
		{DF35124A-A876-4977-9782-85716AC3900F}.Release|Any CPU.Build.0 = Release|Any CPU
	EndGlobalSection
	GlobalSection(SolutionProperties) = preSolution
		HideSolutionNode = FALSE
	EndGlobalSection
	GlobalSection(ExtensibilityGlobals) = postSolution
		SolutionGuid = {A8833334-ABC5-40FA-99A2-B01AD0722A0C}
	EndGlobalSection
EndGlobal
